
Microsoft Visual Studio Solution File, Format Version 12.00
# Visual Studio Version 16
VisualStudioVersion = 16.0.29926.136
MinimumVisualStudioVersion = 10.0.40219.1
Project("{8BC9CEB8-8B4A-11D0-8D11-00A0C91BC942}") = "Ncrostep", "..\..\..\Users\PTL21166W-PAN006\Documents\Arduino\Ncrostep\Ncrostep.vcxproj", "{9C8DA818-1DF3-48E6-A89E-6B9C2B64BABA}"
EndProject
Global
	GlobalSection(SolutionConfigurationPlatforms) = preSolution
		Debug|x86 = Debug|x86
		Release|x86 = Release|x86
	EndGlobalSection
	GlobalSection(ProjectConfigurationPlatforms) = postSolution
		{9C8DA818-1DF3-48E6-A89E-6B9C2B64BABA}.Debug|x86.ActiveCfg = Debug|Win32
		{9C8DA818-1DF3-48E6-A89E-6B9C2B64BABA}.Debug|x86.Build.0 = Debug|Win32
		{9C8DA818-1DF3-48E6-A89E-6B9C2B64BABA}.Release|x86.ActiveCfg = Release|Win32
		{9C8DA818-1DF3-48E6-A89E-6B9C2B64BABA}.Release|x86.Build.0 = Release|Win32
	EndGlobalSection
	GlobalSection(SolutionProperties) = preSolution
		HideSolutionNode = FALSE
	EndGlobalSection
	GlobalSection(ExtensibilityGlobals) = postSolution
		SolutionGuid = {84FE9753-DD61-4680-83C9-D5136986C5BB}
	EndGlobalSection
EndGlobal
